// !$*UTF8*$!
{
	archiveVersion = 1;
	classes = {
	};
	objectVersion = 46;
	objects = {

/* Begin PBXBuildFile section */
		2D6AE6DA1DD3B828002BECEC /* main.m in Sources */ = {isa = PBXBuildFile; fileRef = 2D6AE6D91DD3B828002BECEC /* main.m */; };
		2D6AE6DD1DD3B828002BECEC /* AppDelegate.m in Sources */ = {isa = PBXBuildFile; fileRef = 2D6AE6DC1DD3B828002BECEC /* AppDelegate.m */; };
		2D6AE6E01DD3B828002BECEC /* ViewController.m in Sources */ = {isa = PBXBuildFile; fileRef = 2D6AE6DF1DD3B828002BECEC /* ViewController.m */; };
		2D6AE6E51DD3B828002BECEC /* Assets.xcassets in Resources */ = {isa = PBXBuildFile; fileRef = 2D6AE6E41DD3B828002BECEC /* Assets.xcassets */; };
		2D6AE6E81DD3B828002BECEC /* LaunchScreen.storyboard in Resources */ = {isa = PBXBuildFile; fileRef = 2D6AE6E61DD3B828002BECEC /* LaunchScreen.storyboard */; };
		2D6AE6F71DD3B8D0002BECEC /* City.m in Sources */ = {isa = PBXBuildFile; fileRef = 2D6AE6F61DD3B8D0002BECEC /* City.m */; };
		2D6AE6FA1DD3C5A4002BECEC /* CityVC.m in Sources */ = {isa = PBXBuildFile; fileRef = 2D6AE6F91DD3C5A4002BECEC /* CityVC.m */; };
		2D6AE7101DD3EF6A002BECEC /* DetailedViewController.m in Sources */ = {isa = PBXBuildFile; fileRef = 2D6AE70F1DD3EF6A002BECEC /* DetailedViewController.m */; };
/* End PBXBuildFile section */

/* Begin PBXFileReference section */
		2D6AE6D51DD3B828002BECEC /* Weather.app */ = {isa = PBXFileReference; explicitFileType = wrapper.application; includeInIndex = 0; path = Weather.app; sourceTree = BUILT_PRODUCTS_DIR; };
		2D6AE6D91DD3B828002BECEC /* main.m */ = {isa = PBXFileReference; lastKnownFileType = sourcecode.c.objc; path = main.m; sourceTree = "<group>"; };
		2D6AE6DB1DD3B828002BECEC /* AppDelegate.h */ = {isa = PBXFileReference; lastKnownFileType = sourcecode.c.h; path = AppDelegate.h; sourceTree = "<group>"; };
		2D6AE6DC1DD3B828002BECEC /* AppDelegate.m */ = {isa = PBXFileReference; lastKnownFileType = sourcecode.c.objc; path = AppDelegate.m; sourceTree = "<group>"; };
		2D6AE6DE1DD3B828002BECEC /* ViewController.h */ = {isa = PBXFileReference; lastKnownFileType = sourcecode.c.h; path = ViewController.h; sourceTree = "<group>"; };
		2D6AE6DF1DD3B828002BECEC /* ViewController.m */ = {isa = PBXFileReference; lastKnownFileType = sourcecode.c.objc; path = ViewController.m; sourceTree = "<group>"; };
		2D6AE6E41DD3B828002BECEC /* Assets.xcassets */ = {isa = PBXFileReference; lastKnownFileType = folder.assetcatalog; path = Assets.xcassets; sourceTree = "<group>"; };
		2D6AE6E71DD3B828002BECEC /* Base */ = {isa = PBXFileReference; lastKnownFileType = file.storyboard; name = Base; path = Base.lproj/LaunchScreen.storyboard; sourceTree = "<group>"; };
		2D6AE6E91DD3B828002BECEC /* Info.plist */ = {isa = PBXFileReference; lastKnownFileType = text.plist.xml; path = Info.plist; sourceTree = "<group>"; };
		2D6AE6F51DD3B8D0002BECEC /* City.h */ = {isa = PBXFileReference; fileEncoding = 4; lastKnownFileType = sourcecode.c.h; path = City.h; sourceTree = "<group>"; };
		2D6AE6F61DD3B8D0002BECEC /* City.m */ = {isa = PBXFileReference; fileEncoding = 4; lastKnownFileType = sourcecode.c.objc; path = City.m; sourceTree = "<group>"; };
		2D6AE6F81DD3C5A4002BECEC /* CityVC.h */ = {isa = PBXFileReference; fileEncoding = 4; lastKnownFileType = sourcecode.c.h; path = CityVC.h; sourceTree = "<group>"; };
		2D6AE6F91DD3C5A4002BECEC /* CityVC.m */ = {isa = PBXFileReference; fileEncoding = 4; lastKnownFileType = sourcecode.c.objc; path = CityVC.m; sourceTree = "<group>"; };
		2D6AE70E1DD3EF6A002BECEC /* DetailedViewController.h */ = {isa = PBXFileReference; fileEncoding = 4; lastKnownFileType = sourcecode.c.h; path = DetailedViewController.h; sourceTree = "<group>"; };
		2D6AE70F1DD3EF6A002BECEC /* DetailedViewController.m */ = {isa = PBXFileReference; fileEncoding = 4; lastKnownFileType = sourcecode.c.objc; path = DetailedViewController.m; sourceTree = "<group>"; };
/* End PBXFileReference section */

/* Begin PBXFrameworksBuildPhase section */
		2D6AE6D21DD3B828002BECEC /* Frameworks */ = {
			isa = PBXFrameworksBuildPhase;
			buildActionMask = 2147483647;
			files = (
			);
			runOnlyForDeploymentPostprocessing = 0;
		};
/* End PBXFrameworksBuildPhase section */

/* Begin PBXGroup section */
		2D6AE6CC1DD3B828002BECEC = {
			isa = PBXGroup;
			children = (
				2D6AE6F51DD3B8D0002BECEC /* City.h */,
				2D6AE6F61DD3B8D0002BECEC /* City.m */,
				2D6AE6D71DD3B828002BECEC /* Weather */,
				2D6AE6D61DD3B828002BECEC /* Products */,
			);
			sourceTree = "<group>";
		};
		2D6AE6D61DD3B828002BECEC /* Products */ = {
			isa = PBXGroup;
			children = (
				2D6AE6D51DD3B828002BECEC /* Weather.app */,
			);
			name = Products;
			sourceTree = "<group>";
		};
		2D6AE6D71DD3B828002BECEC /* Weather */ = {
			isa = PBXGroup;
			children = (
				2D6AE6DB1DD3B828002BECEC /* AppDelegate.h */,
				2D6AE6DC1DD3B828002BECEC /* AppDelegate.m */,
				2D6AE70E1DD3EF6A002BECEC /* DetailedViewController.h */,
				2D6AE70F1DD3EF6A002BECEC /* DetailedViewController.m */,
				2D6AE6DE1DD3B828002BECEC /* ViewController.h */,
				2D6AE6DF1DD3B828002BECEC /* ViewController.m */,
				2D6AE6E41DD3B828002BECEC /* Assets.xcassets */,
				2D6AE6E61DD3B828002BECEC /* LaunchScreen.storyboard */,
				2D6AE6E91DD3B828002BECEC /* Info.plist */,
				2D6AE6D81DD3B828002BECEC /* Supporting Files */,
				2D6AE6F81DD3C5A4002BECEC /* CityVC.h */,
				2D6AE6F91DD3C5A4002BECEC /* CityVC.m */,
			);
			path = Weather;
			sourceTree = "<group>";
		};
		2D6AE6D81DD3B828002BECEC /* Supporting Files */ = {
			isa = PBXGroup;
			children = (
				2D6AE6D91DD3B828002BECEC /* main.m */,
			);
			name = "Supporting Files";
			sourceTree = "<group>";
		};
/* End PBXGroup section */

/* Begin PBXNativeTarget section */
		2D6AE6D41DD3B828002BECEC /* Weather */ = {
			isa = PBXNativeTarget;
			buildConfigurationList = 2D6AE6EC1DD3B828002BECEC /* Build configuration list for PBXNativeTarget "Weather" */;
			buildPhases = (
				2D6AE6D11DD3B828002BECEC /* Sources */,
				2D6AE6D21DD3B828002BECEC /* Frameworks */,
				2D6AE6D31DD3B828002BECEC /* Resources */,
			);
			buildRules = (
			);
			dependencies = (
			);
			name = Weather;
			productName = Weather;
			productReference = 2D6AE6D51DD3B828002BECEC /* Weather.app */;
			productType = "com.apple.product-type.application";
		};
/* End PBXNativeTarget section */

/* Begin PBXProject section */
		2D6AE6CD1DD3B828002BECEC /* Project object */ = {
			isa = PBXProject;
			attributes = {
				LastUpgradeCheck = 0730;
				ORGANIZATIONNAME = LightHouseLabs;
				TargetAttributes = {
					2D6AE6D41DD3B828002BECEC = {
						CreatedOnToolsVersion = 7.3.1;
					};
				};
			};
			buildConfigurationList = 2D6AE6D01DD3B828002BECEC /* Build configuration list for PBXProject "Weather" */;
			compatibilityVersion = "Xcode 3.2";
			developmentRegion = English;
			hasScannedForEncodings = 0;
			knownRegions = (
				en,
				Base,
			);
			mainGroup = 2D6AE6CC1DD3B828002BECEC;
			productRefGroup = 2D6AE6D61DD3B828002BECEC /* Products */;
			projectDirPath = "";
			projectRoot = "";
			targets = (
				2D6AE6D41DD3B828002BECEC /* Weather */,
			);
		};
/* End PBXProject section */

/* Begin PBXResourcesBuildPhase section */
		2D6AE6D31DD3B828002BECEC /* Resources */ = {
			isa = PBXResourcesBuildPhase;
			buildActionMask = 2147483647;
			files = (
				2D6AE6E81DD3B828002BECEC /* LaunchScreen.storyboard in Resources */,
				2D6AE6E51DD3B828002BECEC /* Assets.xcassets in Resources */,
			);
			runOnlyForDeploymentPostprocessing = 0;
		};
/* End PBXResourcesBuildPhase section */

/* Begin PBXSourcesBuildPhase section */
		2D6AE6D11DD3B828002BECEC /* Sources */ = {
			isa = PBXSourcesBuildPhase;
			buildActionMask = 2147483647;
			files = (
				2D6AE6E01DD3B828002BECEC /* ViewController.m in Sources */,
				2D6AE6DD1DD3B828002BECEC /* AppDelegate.m in Sources */,
				2D6AE6F71DD3B8D0002BECEC /* City.m in Sources */,
				2D6AE6FA1DD3C5A4002BECEC /* CityVC.m in Sources */,
				2D6AE7101DD3EF6A002BECEC /* DetailedViewController.m in Sources */,
				2D6AE6DA1DD3B828002BECEC /* main.m in Sources */,
			);
			runOnlyForDeploymentPostprocessing = 0;
		};
/* End PBXSourcesBuildPhase section */

/* Begin PBXVariantGroup section */
		2D6AE6E61DD3B828002BECEC /* LaunchScreen.storyboard */ = {
			isa = PBXVariantGroup;
			children = (
				2D6AE6E71DD3B828002BECEC /* Base */,
			);
			name = LaunchScreen.storyboard;
			sourceTree = "<group>";
		};
/* End PBXVariantGroup section */

/* Begin XCBuildConfiguration section */
		2D6AE6EA1DD3B828002BECEC /* Debug */ = {
			isa = XCBuildConfiguration;
			buildSettings = {
				ALWAYS_SEARCH_USER_PATHS = NO;
				CLANG_ANALYZER_NONNULL = YES;
				CLANG_CXX_LANGUAGE_STANDARD = "gnu++0x";
				CLANG_CXX_LIBRARY = "libc++";
				CLANG_ENABLE_MODULES = YES;
				CLANG_ENABLE_OBJC_ARC = YES;
				CLANG_WARN_BOOL_CONVERSION = YES;
				CLANG_WARN_CONSTANT_CONVERSION = YES;
				CLANG_WARN_DIRECT_OBJC_ISA_USAGE = YES_ERROR;
				CLANG_WARN_EMPTY_BODY = YES;
				CLANG_WARN_ENUM_CONVERSION = YES;
				CLANG_WARN_INT_CONVERSION = YES;
				CLANG_WARN_OBJC_ROOT_CLASS = YES_ERROR;
				CLANG_WARN_UNREACHABLE_CODE = YES;
				CLANG_WARN__DUPLICATE_METHOD_MATCH = YES;
				"CODE_SIGN_IDENTITY[sdk=iphoneos*]" = "iPhone Developer";
				COPY_PHASE_STRIP = NO;
				DEBUG_INFORMATION_FORMAT = dwarf;
				ENABLE_STRICT_OBJC_MSGSEND = YES;
				ENABLE_TESTABILITY = YES;
				GCC_C_LANGUAGE_STANDARD = gnu99;
				GCC_DYNAMIC_NO_PIC = NO;
				GCC_NO_COMMON_BLOCKS = YES;
				GCC_OPTIMIZATION_LEVEL = 0;
				GCC_PREPROCESSOR_DEFINITIONS = (
					"DEBUG=1",
					"$(inherited)",
				);
				GCC_WARN_64_TO_32_BIT_CONVERSION = YES;
				GCC_WARN_ABOUT_RETURN_TYPE = YES_ERROR;
				GCC_WARN_UNDECLARED_SELECTOR = YES;
				GCC_WARN_UNINITIALIZED_AUTOS = YES_AGGRESSIVE;
				GCC_WARN_UNUSED_FUNCTION = YES;
				GCC_WARN_UNUSED_VARIABLE = YES;
				IPHONEOS_DEPLOYMENT_TARGET = 9.3;
				MTL_ENABLE_DEBUG_INFO = YES;
				ONLY_ACTIVE_ARCH = YES;
				SDKROOT = iphoneos;
			};
			name = Debug;
		};
		2D6AE6EB1DD3B828002BECEC /* Release */ = {
			isa = XCBuildConfiguration;
			buildSettings = {
				ALWAYS_SEARCH_USER_PATHS = NO;
				CLANG_ANALYZER_NONNULL = YES;
				CLANG_CXX_LANGUAGE_STANDARD = "gnu++0x";
				CLANG_CXX_LIBRARY = "libc++";
				CLANG_ENABLE_MODULES = YES;
				CLANG_ENABLE_OBJC_ARC = YES;
				CLANG_WARN_BOOL_CONVERSION = YES;
				CLANG_WARN_CONSTANT_CONVERSION = YES;
				CLANG_WARN_DIRECT_OBJC_ISA_USAGE = YES_ERROR;
				CLANG_WARN_EMPTY_BODY = YES;
				CLANG_WARN_ENUM_CONVERSION = YES;
				CLANG_WARN_INT_CONVERSION = YES;
				CLANG_WARN_OBJC_ROOT_CLASS = YES_ERROR;
				CLANG_WARN_UNREACHABLE_CODE = YES;
				CLANG_WARN__DUPLICATE_METHOD_MATCH = YES;
				"CODE_SIGN_IDENTITY[sdk=iphoneos*]" = "iPhone Developer";
				COPY_PHASE_STRIP = NO;
				DEBUG_INFORMATION_FORMAT = "dwarf-with-dsym";
				ENABLE_NS_ASSERTIONS = NO;
				ENABLE_STRICT_OBJC_MSGSEND = YES;
				GCC_C_LANGUAGE_STANDARD = gnu99;
				GCC_NO_COMMON_BLOCKS = YES;
				GCC_WARN_64_TO_32_BIT_CONVERSION = YES;
				GCC_WARN_ABOUT_RETURN_TYPE = YES_ERROR;
				GCC_WARN_UNDECLARED_SELECTOR = YES;
				GCC_WARN_UNINITIALIZED_AUTOS = YES_AGGRESSIVE;
				GCC_WARN_UNUSED_FUNCTION = YES;
				GCC_WARN_UNUSED_VARIABLE = YES;
				IPHONEOS_DEPLOYMENT_TARGET = 9.3;
				MTL_ENABLE_DEBUG_INFO = NO;
				SDKROOT = iphoneos;
				VALIDATE_PRODUCT = YES;
			};
			name = Release;
		};
		2D6AE6ED1DD3B828002BECEC /* Debug */ = {
			isa = XCBuildConfiguration;
			buildSettings = {
				ASSETCATALOG_COMPILER_APPICON_NAME = AppIcon;
				INFOPLIST_FILE = Weather/Info.plist;
				LD_RUNPATH_SEARCH_PATHS = "$(inherited) @executable_path/Frameworks";
				PRODUCT_BUNDLE_IDENTIFIER = LightHouseLabs.Weather;
				PRODUCT_NAME = "$(TARGET_NAME)";
			};
			name = Debug;
		};
		2D6AE6EE1DD3B828002BECEC /* Release */ = {
			isa = XCBuildConfiguration;
			buildSettings = {
				ASSETCATALOG_COMPILER_APPICON_NAME = AppIcon;
				INFOPLIST_FILE = Weather/Info.plist;
				LD_RUNPATH_SEARCH_PATHS = "$(inherited) @executable_path/Frameworks";
				PRODUCT_BUNDLE_IDENTIFIER = LightHouseLabs.Weather;
				PRODUCT_NAME = "$(TARGET_NAME)";
			};
			name = Release;
		};
/* End XCBuildConfiguration section */

/* Begin XCConfigurationList section */
		2D6AE6D01DD3B828002BECEC /* Build configuration list for PBXProject "Weather" */ = {
			isa = XCConfigurationList;
			buildConfigurations = (
				2D6AE6EA1DD3B828002BECEC /* Debug */,
				2D6AE6EB1DD3B828002BECEC /* Release */,
			);
			defaultConfigurationIsVisible = 0;
			defaultConfigurationName = Release;
		};
		2D6AE6EC1DD3B828002BECEC /* Build configuration list for PBXNativeTarget "Weather" */ = {
			isa = XCConfigurationList;
			buildConfigurations = (
				2D6AE6ED1DD3B828002BECEC /* Debug */,
				2D6AE6EE1DD3B828002BECEC /* Release */,
			);
			defaultConfigurationIsVisible = 0;
			defaultConfigurationName = Release;
		};
/* End XCConfigurationList section */
	};
	rootObject = 2D6AE6CD1DD3B828002BECEC /* Project object */;
}
